
Microsoft Visual Studio Solution File, Format Version 12.00
# Visual Studio Version 17
VisualStudioVersion = 17.8.34330.188
MinimumVisualStudioVersion = 10.0.40219.1
Project("{FAE04EC0-301F-11D3-BF4B-00C04F79EFBC}") = "Clases", "Clases\Clases.csproj", "{66D8FE42-CF66-4C03-9671-A412282E6D3E}"
EndProject
Global
	GlobalSection(SolutionConfigurationPlatforms) = preSolution
		Debug|Any CPU = Debug|Any CPU
		Release|Any CPU = Release|Any CPU
	EndGlobalSection
	GlobalSection(ProjectConfigurationPlatforms) = postSolution
		{66D8FE42-CF66-4C03-9671-A412282E6D3E}.Debug|Any CPU.ActiveCfg = Debug|Any CPU
		{66D8FE42-CF66-4C03-9671-A412282E6D3E}.Debug|Any CPU.Build.0 = Debug|Any CPU
		{66D8FE42-CF66-4C03-9671-A412282E6D3E}.Release|Any CPU.ActiveCfg = Release|Any CPU
		{66D8FE42-CF66-4C03-9671-A412282E6D3E}.Release|Any CPU.Build.0 = Release|Any CPU
	EndGlobalSection
	GlobalSection(SolutionProperties) = preSolution
		HideSolutionNode = FALSE
	EndGlobalSection
	GlobalSection(ExtensibilityGlobals) = postSolution
		SolutionGuid = {DADC283E-D52F-4A1B-A464-B32D9405DDC1}
	EndGlobalSection
EndGlobal
